
Microsoft Visual Studio Solution File, Format Version 12.00
# Visual Studio 2012
Project("{FAE04EC0-301F-11D3-BF4B-00C04F79EFBC}") = "ssh-client", "ssh-client\ssh-client.csproj", "{F876F192-7677-4E7E-B975-0C2FB7736ADA}"
EndProject
Global
	GlobalSection(SolutionConfigurationPlatforms) = preSolution
		Debug|Any CPU = Debug|Any CPU
		Release|Any CPU = Release|Any CPU
	EndGlobalSection
	GlobalSection(ProjectConfigurationPlatforms) = postSolution
		{F876F192-7677-4E7E-B975-0C2FB7736ADA}.Debug|Any CPU.ActiveCfg = Debug|Any CPU
		{F876F192-7677-4E7E-B975-0C2FB7736ADA}.Debug|Any CPU.Build.0 = Debug|Any CPU
		{F876F192-7677-4E7E-B975-0C2FB7736ADA}.Release|Any CPU.ActiveCfg = Release|Any CPU
		{F876F192-7677-4E7E-B975-0C2FB7736ADA}.Release|Any CPU.Build.0 = Release|Any CPU
	EndGlobalSection
	GlobalSection(SolutionProperties) = preSolution
		HideSolutionNode = FALSE
	EndGlobalSection
EndGlobal
